
Microsoft Visual Studio Solution File, Format Version 12.00
# Visual Studio Version 16
VisualStudioVersion = 16.0.29326.143
MinimumVisualStudioVersion = 10.0.40219.1
Project("{FAE04EC0-301F-11D3-BF4B-00C04F79EFBC}") = "IL2CPPSDKGen", "IL2CPPSDKGen.csproj", "{044BE97D-482F-455C-8552-247638482608}"
EndProject
Global
	GlobalSection(SolutionConfigurationPlatforms) = preSolution
		Debug|Any CPU = Debug|Any CPU
		Release|Any CPU = Release|Any CPU
	EndGlobalSection
	GlobalSection(ProjectConfigurationPlatforms) = postSolution
		{044BE97D-482F-455C-8552-247638482608}.Debug|Any CPU.ActiveCfg = Debug|Any CPU
		{044BE97D-482F-455C-8552-247638482608}.Debug|Any CPU.Build.0 = Debug|Any CPU
		{044BE97D-482F-455C-8552-247638482608}.Release|Any CPU.ActiveCfg = Release|Any CPU
		{044BE97D-482F-455C-8552-247638482608}.Release|Any CPU.Build.0 = Release|Any CPU
	EndGlobalSection
	GlobalSection(SolutionProperties) = preSolution
		HideSolutionNode = FALSE
	EndGlobalSection
	GlobalSection(ExtensibilityGlobals) = postSolution
		SolutionGuid = {AE5BCF02-3F83-48D7-A9B3-0C80A22B016E}
	EndGlobalSection
EndGlobal
